
Microsoft Visual Studio Solution File, Format Version 12.00
# Visual Studio Version 17
VisualStudioVersion = 17.0.32112.339
MinimumVisualStudioVersion = 10.0.40219.1
Project("{FAE04EC0-301F-11D3-BF4B-00C04F79EFBC}") = "cv-web-app", "cv-web-app\cv-web-app.csproj", "{086C3E6B-4D1C-4803-9B41-C75493DEF71A}"
EndProject
Global
	GlobalSection(SolutionConfigurationPlatforms) = preSolution
		Debug|Any CPU = Debug|Any CPU
		Release|Any CPU = Release|Any CPU
	EndGlobalSection
	GlobalSection(ProjectConfigurationPlatforms) = postSolution
		{086C3E6B-4D1C-4803-9B41-C75493DEF71A}.Debug|Any CPU.ActiveCfg = Debug|Any CPU
		{086C3E6B-4D1C-4803-9B41-C75493DEF71A}.Debug|Any CPU.Build.0 = Debug|Any CPU
		{086C3E6B-4D1C-4803-9B41-C75493DEF71A}.Release|Any CPU.ActiveCfg = Release|Any CPU
		{086C3E6B-4D1C-4803-9B41-C75493DEF71A}.Release|Any CPU.Build.0 = Release|Any CPU
	EndGlobalSection
	GlobalSection(SolutionProperties) = preSolution
		HideSolutionNode = FALSE
	EndGlobalSection
	GlobalSection(ExtensibilityGlobals) = postSolution
		SolutionGuid = {AC48BE1E-E7E7-4B60-9196-E2079676C175}
	EndGlobalSection
EndGlobal
